# THIS IS AN AUTOGENERATED FILE. DO NOT EDIT THIS FILE DIRECTLY.
# yarn lockfile v1


"@streamparser/json@^0.0.6":
  version "0.0.6"
  resolved "https://registry.npmjs.org/@streamparser/json/-/json-0.0.6.tgz"
  integrity sha512-vL9EVn/v+OhZ+Wcs6O4iKE9EUpwHUqHmCtNUMWjqp+6dr85+XPOSGTEsqYNq1Vn04uk9SWlOVmx9J48ggJVT2Q==

commander@^6.2.0:
  version "6.2.1"
  resolved "https://registry.npmjs.org/commander/-/commander-6.2.1.tgz"
  integrity sha512-U7VdrJFnJgo4xjrHpTzu0yrHPGImdsmD95ZlgYSEajAn2JKzDhDTPG9kBTefmObL2w/ngeZnilk+OV9CG3d7UA==

date-fns@^3.6.0:
  version "3.6.0"
  resolved "https://registry.npmjs.org/date-fns/-/date-fns-3.6.0.tgz"
  integrity sha512-fRHTG8g/Gif+kSh50gaGEdToemgfj74aRX3swtiouboip5JDLAyDE9F11nHMIcvOaXeOC6D7SpNhi7uFyB7Uww==

json2csv@^6.0.0-alpha.2:
  version "6.0.0-alpha.2"
  resolved "https://registry.npmjs.org/json2csv/-/json2csv-6.0.0-alpha.2.tgz"
  integrity sha512-nJ3oP6QxN8z69IT1HmrJdfVxhU1kLTBVgMfRnNZc37YEY+jZ4nU27rBGxT4vaqM/KUCavLRhntmTuBFqZLBUcA==
  dependencies:
    "@streamparser/json" "^0.0.6"
    commander "^6.2.0"
    lodash.get "^4.4.2"

lodash.get@^4.4.2:
  version "4.4.2"
  resolved "https://registry.npmjs.org/lodash.get/-/lodash.get-4.4.2.tgz"
  integrity sha512-z+Uw/vLuy6gQe8cfaFWD7p0wVv8fJl3mbzXh33RS+0oW2wvUqiRXiQ69gLWSLpgB5/6sU+r6BlQR0MBILadqTQ==
